// !$*UTF8*$!
{
	archiveVersion = 1;
	classes = {
	};
	objectVersion = 46;
	objects = {

/* Begin PBXBuildFile section */
		8E6E6BAC1C46930A007FB6E1 /* RootNavigationController.m in Sources */ = {isa = PBXBuildFile; fileRef = 8E6E6BAB1C46930A007FB6E1 /* RootNavigationController.m */; };
		8E7EC60D1C391931007A5638 /* HomeViewController.m in Sources */ = {isa = PBXBuildFile; fileRef = 8E7EC60C1C391931007A5638 /* HomeViewController.m */; };
		8E7EC6131C391F6E007A5638 /* ItemViewController.m in Sources */ = {isa = PBXBuildFile; fileRef = 8E7EC6111C391F6E007A5638 /* ItemViewController.m */; };
		8E7EC6141C391F6E007A5638 /* ItemViewController.xib in Resources */ = {isa = PBXBuildFile; fileRef = 8E7EC6121C391F6E007A5638 /* ItemViewController.xib */; };
		8EBD1FDA1C36C7D7009A014D /* main.m in Sources */ = {isa = PBXBuildFile; fileRef = 8EBD1FD91C36C7D7009A014D /* main.m */; };
		8EBD1FDD1C36C7D7009A014D /* AppDelegate.m in Sources */ = {isa = PBXBuildFile; fileRef = 8EBD1FDC1C36C7D7009A014D /* AppDelegate.m */; };
		8EBD1FE01C36C7D7009A014D /* dashQ.xcdatamodeld in Sources */ = {isa = PBXBuildFile; fileRef = 8EBD1FDE1C36C7D7009A014D /* dashQ.xcdatamodeld */; };
		8EBD1FE61C36C7D7009A014D /* Main.storyboard in Resources */ = {isa = PBXBuildFile; fileRef = 8EBD1FE41C36C7D7009A014D /* Main.storyboard */; };
		8EBD1FE81C36C7D7009A014D /* Images.xcassets in Resources */ = {isa = PBXBuildFile; fileRef = 8EBD1FE71C36C7D7009A014D /* Images.xcassets */; };
		8EBD1FEB1C36C7D8009A014D /* LaunchScreen.xib in Resources */ = {isa = PBXBuildFile; fileRef = 8EBD1FE91C36C7D8009A014D /* LaunchScreen.xib */; };
		8EF3F9E21C43DE4A00B8AAFC /* CommonTitleCell.m in Sources */ = {isa = PBXBuildFile; fileRef = 8EF3F9DD1C43DE4A00B8AAFC /* CommonTitleCell.m */; };
		8EF3F9E31C43DE4A00B8AAFC /* CommonTitleCell.xib in Resources */ = {isa = PBXBuildFile; fileRef = 8EF3F9DE1C43DE4A00B8AAFC /* CommonTitleCell.xib */; };
		8EF3F9E41C43DE4A00B8AAFC /* CommonEmptyCell.m in Sources */ = {isa = PBXBuildFile; fileRef = 8EF3F9E01C43DE4A00B8AAFC /* CommonEmptyCell.m */; };
		8EF3F9E51C43DE4A00B8AAFC /* CommonEmptyCell.xib in Resources */ = {isa = PBXBuildFile; fileRef = 8EF3F9E11C43DE4A00B8AAFC /* CommonEmptyCell.xib */; };
		8EF3F9F21C43DE5D00B8AAFC /* CommonHeaderView.m in Sources */ = {isa = PBXBuildFile; fileRef = 8EF3F9E71C43DE5D00B8AAFC /* CommonHeaderView.m */; };
		8EF3F9F31C43DE5D00B8AAFC /* CommonHeaderView.xib in Resources */ = {isa = PBXBuildFile; fileRef = 8EF3F9E81C43DE5D00B8AAFC /* CommonHeaderView.xib */; };
		8EF3F9F41C43DE5D00B8AAFC /* CommonGadgetView.m in Sources */ = {isa = PBXBuildFile; fileRef = 8EF3F9EA1C43DE5D00B8AAFC /* CommonGadgetView.m */; };
		8EF3F9F51C43DE5D00B8AAFC /* CommonGadgetView.xib in Resources */ = {isa = PBXBuildFile; fileRef = 8EF3F9EB1C43DE5D00B8AAFC /* CommonGadgetView.xib */; };
		8EF3F9F61C43DE5D00B8AAFC /* CommonGadgetToolsView.m in Sources */ = {isa = PBXBuildFile; fileRef = 8EF3F9ED1C43DE5D00B8AAFC /* CommonGadgetToolsView.m */; };
		8EF3F9F71C43DE5D00B8AAFC /* CommonGadgetToolsView.xib in Resources */ = {isa = PBXBuildFile; fileRef = 8EF3F9EE1C43DE5D00B8AAFC /* CommonGadgetToolsView.xib */; };
		8EF3F9F81C43DE5D00B8AAFC /* CommonSearchBarView.m in Sources */ = {isa = PBXBuildFile; fileRef = 8EF3F9F01C43DE5D00B8AAFC /* CommonSearchBarView.m */; };
		8EF3F9F91C43DE5D00B8AAFC /* CommonSearchBarView.xib in Resources */ = {isa = PBXBuildFile; fileRef = 8EF3F9F11C43DE5D00B8AAFC /* CommonSearchBarView.xib */; };
		8EF3F9FE1C43DE6300B8AAFC /* UIImage+Ext.m in Sources */ = {isa = PBXBuildFile; fileRef = 8EF3F9FB1C43DE6300B8AAFC /* UIImage+Ext.m */; };
		8EF3F9FF1C43DE6300B8AAFC /* iOS8Utility.m in Sources */ = {isa = PBXBuildFile; fileRef = 8EF3F9FD1C43DE6300B8AAFC /* iOS8Utility.m */; };
		D57124524EA2062FD34BB2BE /* libPods-dashQ.a in Frameworks */ = {isa = PBXBuildFile; fileRef = 29A5FA14CEE611B815C37AB7 /* libPods-dashQ.a */; };
/* End PBXBuildFile section */

/* Begin PBXFileReference section */
		29A5FA14CEE611B815C37AB7 /* libPods-dashQ.a */ = {isa = PBXFileReference; explicitFileType = archive.ar; includeInIndex = 0; path = "libPods-dashQ.a"; sourceTree = BUILT_PRODUCTS_DIR; };
		7AC5F02D7C54853B1D554756 /* Pods-dashQ.debug.xcconfig */ = {isa = PBXFileReference; includeInIndex = 1; lastKnownFileType = text.xcconfig; name = "Pods-dashQ.debug.xcconfig"; path = "Pods/Target Support Files/Pods-dashQ/Pods-dashQ.debug.xcconfig"; sourceTree = "<group>"; };
		8E6E6BAA1C46930A007FB6E1 /* RootNavigationController.h */ = {isa = PBXFileReference; fileEncoding = 4; lastKnownFileType = sourcecode.c.h; path = RootNavigationController.h; sourceTree = "<group>"; };
		8E6E6BAB1C46930A007FB6E1 /* RootNavigationController.m */ = {isa = PBXFileReference; fileEncoding = 4; lastKnownFileType = sourcecode.c.objc; path = RootNavigationController.m; sourceTree = "<group>"; };
		8E7EC60B1C391931007A5638 /* HomeViewController.h */ = {isa = PBXFileReference; fileEncoding = 4; lastKnownFileType = sourcecode.c.h; path = HomeViewController.h; sourceTree = "<group>"; };
		8E7EC60C1C391931007A5638 /* HomeViewController.m */ = {isa = PBXFileReference; fileEncoding = 4; lastKnownFileType = sourcecode.c.objc; path = HomeViewController.m; sourceTree = "<group>"; };
		8E7EC6101C391F6E007A5638 /* ItemViewController.h */ = {isa = PBXFileReference; fileEncoding = 4; lastKnownFileType = sourcecode.c.h; path = ItemViewController.h; sourceTree = "<group>"; };
		8E7EC6111C391F6E007A5638 /* ItemViewController.m */ = {isa = PBXFileReference; fileEncoding = 4; lastKnownFileType = sourcecode.c.objc; path = ItemViewController.m; sourceTree = "<group>"; };
		8E7EC6121C391F6E007A5638 /* ItemViewController.xib */ = {isa = PBXFileReference; fileEncoding = 4; lastKnownFileType = file.xib; path = ItemViewController.xib; sourceTree = "<group>"; };
		8EBD1FD41C36C7D7009A014D /* dashQ.app */ = {isa = PBXFileReference; explicitFileType = wrapper.application; includeInIndex = 0; path = dashQ.app; sourceTree = BUILT_PRODUCTS_DIR; };
		8EBD1FD81C36C7D7009A014D /* Info.plist */ = {isa = PBXFileReference; lastKnownFileType = text.plist.xml; path = Info.plist; sourceTree = "<group>"; };
		8EBD1FD91C36C7D7009A014D /* main.m */ = {isa = PBXFileReference; lastKnownFileType = sourcecode.c.objc; path = main.m; sourceTree = "<group>"; };
		8EBD1FDB1C36C7D7009A014D /* AppDelegate.h */ = {isa = PBXFileReference; lastKnownFileType = sourcecode.c.h; path = AppDelegate.h; sourceTree = "<group>"; };
		8EBD1FDC1C36C7D7009A014D /* AppDelegate.m */ = {isa = PBXFileReference; lastKnownFileType = sourcecode.c.objc; path = AppDelegate.m; sourceTree = "<group>"; };
		8EBD1FDF1C36C7D7009A014D /* dashQ.xcdatamodel */ = {isa = PBXFileReference; lastKnownFileType = wrapper.xcdatamodel; path = dashQ.xcdatamodel; sourceTree = "<group>"; };
		8EBD1FE51C36C7D7009A014D /* Base */ = {isa = PBXFileReference; lastKnownFileType = file.storyboard; name = Base; path = Base.lproj/Main.storyboard; sourceTree = "<group>"; };
		8EBD1FE71C36C7D7009A014D /* Images.xcassets */ = {isa = PBXFileReference; lastKnownFileType = folder.assetcatalog; path = Images.xcassets; sourceTree = "<group>"; };
		8EBD1FEA1C36C7D8009A014D /* Base */ = {isa = PBXFileReference; lastKnownFileType = file.xib; name = Base; path = Base.lproj/LaunchScreen.xib; sourceTree = "<group>"; };
		8EF3F9DC1C43DE4A00B8AAFC /* CommonTitleCell.h */ = {isa = PBXFileReference; fileEncoding = 4; lastKnownFileType = sourcecode.c.h; path = CommonTitleCell.h; sourceTree = "<group>"; };
		8EF3F9DD1C43DE4A00B8AAFC /* CommonTitleCell.m */ = {isa = PBXFileReference; fileEncoding = 4; lastKnownFileType = sourcecode.c.objc; path = CommonTitleCell.m; sourceTree = "<group>"; };
		8EF3F9DE1C43DE4A00B8AAFC /* CommonTitleCell.xib */ = {isa = PBXFileReference; fileEncoding = 4; lastKnownFileType = file.xib; path = CommonTitleCell.xib; sourceTree = "<group>"; };
		8EF3F9DF1C43DE4A00B8AAFC /* CommonEmptyCell.h */ = {isa = PBXFileReference; fileEncoding = 4; lastKnownFileType = sourcecode.c.h; path = CommonEmptyCell.h; sourceTree = "<group>"; };
		8EF3F9E01C43DE4A00B8AAFC /* CommonEmptyCell.m */ = {isa = PBXFileReference; fileEncoding = 4; lastKnownFileType = sourcecode.c.objc; path = CommonEmptyCell.m; sourceTree = "<group>"; };
		8EF3F9E11C43DE4A00B8AAFC /* CommonEmptyCell.xib */ = {isa = PBXFileReference; fileEncoding = 4; lastKnownFileType = file.xib; path = CommonEmptyCell.xib; sourceTree = "<group>"; };
		8EF3F9E61C43DE5D00B8AAFC /* CommonHeaderView.h */ = {isa = PBXFileReference; fileEncoding = 4; lastKnownFileType = sourcecode.c.h; path = CommonHeaderView.h; sourceTree = "<group>"; };
		8EF3F9E71C43DE5D00B8AAFC /* CommonHeaderView.m */ = {isa = PBXFileReference; fileEncoding = 4; lastKnownFileType = sourcecode.c.objc; path = CommonHeaderView.m; sourceTree = "<group>"; };
		8EF3F9E81C43DE5D00B8AAFC /* CommonHeaderView.xib */ = {isa = PBXFileReference; fileEncoding = 4; lastKnownFileType = file.xib; path = CommonHeaderView.xib; sourceTree = "<group>"; };
		8EF3F9E91C43DE5D00B8AAFC /* CommonGadgetView.h */ = {isa = PBXFileReference; fileEncoding = 4; lastKnownFileType = sourcecode.c.h; path = CommonGadgetView.h; sourceTree = "<group>"; };
		8EF3F9EA1C43DE5D00B8AAFC /* CommonGadgetView.m */ = {isa = PBXFileReference; fileEncoding = 4; lastKnownFileType = sourcecode.c.objc; path = CommonGadgetView.m; sourceTree = "<group>"; };
		8EF3F9EB1C43DE5D00B8AAFC /* CommonGadgetView.xib */ = {isa = PBXFileReference; fileEncoding = 4; lastKnownFileType = file.xib; path = CommonGadgetView.xib; sourceTree = "<group>"; };
		8EF3F9EC1C43DE5D00B8AAFC /* CommonGadgetToolsView.h */ = {isa = PBXFileReference; fileEncoding = 4; lastKnownFileType = sourcecode.c.h; path = CommonGadgetToolsView.h; sourceTree = "<group>"; };
		8EF3F9ED1C43DE5D00B8AAFC /* CommonGadgetToolsView.m */ = {isa = PBXFileReference; fileEncoding = 4; lastKnownFileType = sourcecode.c.objc; path = CommonGadgetToolsView.m; sourceTree = "<group>"; };
		8EF3F9EE1C43DE5D00B8AAFC /* CommonGadgetToolsView.xib */ = {isa = PBXFileReference; fileEncoding = 4; lastKnownFileType = file.xib; path = CommonGadgetToolsView.xib; sourceTree = "<group>"; };
		8EF3F9EF1C43DE5D00B8AAFC /* CommonSearchBarView.h */ = {isa = PBXFileReference; fileEncoding = 4; lastKnownFileType = sourcecode.c.h; path = CommonSearchBarView.h; sourceTree = "<group>"; };
		8EF3F9F01C43DE5D00B8AAFC /* CommonSearchBarView.m */ = {isa = PBXFileReference; fileEncoding = 4; lastKnownFileType = sourcecode.c.objc; path = CommonSearchBarView.m; sourceTree = "<group>"; };
		8EF3F9F11C43DE5D00B8AAFC /* CommonSearchBarView.xib */ = {isa = PBXFileReference; fileEncoding = 4; lastKnownFileType = file.xib; path = CommonSearchBarView.xib; sourceTree = "<group>"; };
		8EF3F9FA1C43DE6300B8AAFC /* UIImage+Ext.h */ = {isa = PBXFileReference; fileEncoding = 4; lastKnownFileType = sourcecode.c.h; path = "UIImage+Ext.h"; sourceTree = "<group>"; };
		8EF3F9FB1C43DE6300B8AAFC /* UIImage+Ext.m */ = {isa = PBXFileReference; fileEncoding = 4; lastKnownFileType = sourcecode.c.objc; path = "UIImage+Ext.m"; sourceTree = "<group>"; };
		8EF3F9FC1C43DE6300B8AAFC /* iOS8Utility.h */ = {isa = PBXFileReference; fileEncoding = 4; lastKnownFileType = sourcecode.c.h; path = iOS8Utility.h; sourceTree = "<group>"; };
		8EF3F9FD1C43DE6300B8AAFC /* iOS8Utility.m */ = {isa = PBXFileReference; fileEncoding = 4; lastKnownFileType = sourcecode.c.objc; path = iOS8Utility.m; sourceTree = "<group>"; };
		E27D17B202E551C23DD54BBF /* Pods-dashQ.release.xcconfig */ = {isa = PBXFileReference; includeInIndex = 1; lastKnownFileType = text.xcconfig; name = "Pods-dashQ.release.xcconfig"; path = "Pods/Target Support Files/Pods-dashQ/Pods-dashQ.release.xcconfig"; sourceTree = "<group>"; };
/* End PBXFileReference section */

/* Begin PBXFrameworksBuildPhase section */
		8EBD1FD11C36C7D7009A014D /* Frameworks */ = {
			isa = PBXFrameworksBuildPhase;
			buildActionMask = 2147483647;
			files = (
				D57124524EA2062FD34BB2BE /* libPods-dashQ.a in Frameworks */,
			);
			runOnlyForDeploymentPostprocessing = 0;
		};
/* End PBXFrameworksBuildPhase section */

/* Begin PBXGroup section */
		8E7EC6041C3913BC007A5638 /* StoryBoard Controllers */ = {
			isa = PBXGroup;
			children = (
				8E7EC60B1C391931007A5638 /* HomeViewController.h */,
				8E7EC60C1C391931007A5638 /* HomeViewController.m */,
				8E6E6BAA1C46930A007FB6E1 /* RootNavigationController.h */,
				8E6E6BAB1C46930A007FB6E1 /* RootNavigationController.m */,
			);
			name = "StoryBoard Controllers";
			sourceTree = "<group>";
		};
		8E7EC60E1C391EC2007A5638 /* XibViewControllers */ = {
			isa = PBXGroup;
			children = (
				8E7EC6101C391F6E007A5638 /* ItemViewController.h */,
				8E7EC6111C391F6E007A5638 /* ItemViewController.m */,
				8E7EC6121C391F6E007A5638 /* ItemViewController.xib */,
			);
			name = XibViewControllers;
			sourceTree = "<group>";
		};
		8EBD1FCB1C36C7D7009A014D = {
			isa = PBXGroup;
			children = (
				8EBD1FD61C36C7D7009A014D /* dashQ */,
				8EBD1FD51C36C7D7009A014D /* Products */,
				FCF7AF7F45EE1289A4763D38 /* Pods */,
				C6C99817258F31561FF47C03 /* Frameworks */,
			);
			sourceTree = "<group>";
		};
		8EBD1FD51C36C7D7009A014D /* Products */ = {
			isa = PBXGroup;
			children = (
				8EBD1FD41C36C7D7009A014D /* dashQ.app */,
			);
			name = Products;
			sourceTree = "<group>";
		};
		8EBD1FD61C36C7D7009A014D /* dashQ */ = {
			isa = PBXGroup;
			children = (
				8EF3F9DB1C43DE2B00B8AAFC /* CommonLibrary */,
				8EF3F9DA1C43DE2300B8AAFC /* CommonView */,
				8EF3F9D91C43DE1400B8AAFC /* CommonCell */,
				8E7EC60E1C391EC2007A5638 /* XibViewControllers */,
				8E7EC6041C3913BC007A5638 /* StoryBoard Controllers */,
				8EBD1FDB1C36C7D7009A014D /* AppDelegate.h */,
				8EBD1FDC1C36C7D7009A014D /* AppDelegate.m */,
				8EBD1FE41C36C7D7009A014D /* Main.storyboard */,
				8EBD1FE71C36C7D7009A014D /* Images.xcassets */,
				8EBD1FE91C36C7D8009A014D /* LaunchScreen.xib */,
				8EBD1FDE1C36C7D7009A014D /* dashQ.xcdatamodeld */,
				8EBD1FD71C36C7D7009A014D /* Supporting Files */,
			);
			path = dashQ;
			sourceTree = "<group>";
		};
		8EBD1FD71C36C7D7009A014D /* Supporting Files */ = {
			isa = PBXGroup;
			children = (
				8EBD1FD81C36C7D7009A014D /* Info.plist */,
				8EBD1FD91C36C7D7009A014D /* main.m */,
			);
			name = "Supporting Files";
			sourceTree = "<group>";
		};
		8EF3F9D91C43DE1400B8AAFC /* CommonCell */ = {
			isa = PBXGroup;
			children = (
				8EF3F9DC1C43DE4A00B8AAFC /* CommonTitleCell.h */,
				8EF3F9DD1C43DE4A00B8AAFC /* CommonTitleCell.m */,
				8EF3F9DE1C43DE4A00B8AAFC /* CommonTitleCell.xib */,
				8EF3F9DF1C43DE4A00B8AAFC /* CommonEmptyCell.h */,
				8EF3F9E01C43DE4A00B8AAFC /* CommonEmptyCell.m */,
				8EF3F9E11C43DE4A00B8AAFC /* CommonEmptyCell.xib */,
			);
			name = CommonCell;
			sourceTree = "<group>";
		};
		8EF3F9DA1C43DE2300B8AAFC /* CommonView */ = {
			isa = PBXGroup;
			children = (
				8EF3F9E61C43DE5D00B8AAFC /* CommonHeaderView.h */,
				8EF3F9E71C43DE5D00B8AAFC /* CommonHeaderView.m */,
				8EF3F9E81C43DE5D00B8AAFC /* CommonHeaderView.xib */,
				8EF3F9E91C43DE5D00B8AAFC /* CommonGadgetView.h */,
				8EF3F9EA1C43DE5D00B8AAFC /* CommonGadgetView.m */,
				8EF3F9EB1C43DE5D00B8AAFC /* CommonGadgetView.xib */,
				8EF3F9EC1C43DE5D00B8AAFC /* CommonGadgetToolsView.h */,
				8EF3F9ED1C43DE5D00B8AAFC /* CommonGadgetToolsView.m */,
				8EF3F9EE1C43DE5D00B8AAFC /* CommonGadgetToolsView.xib */,
				8EF3F9EF1C43DE5D00B8AAFC /* CommonSearchBarView.h */,
				8EF3F9F01C43DE5D00B8AAFC /* CommonSearchBarView.m */,
				8EF3F9F11C43DE5D00B8AAFC /* CommonSearchBarView.xib */,
			);
			name = CommonView;
			sourceTree = "<group>";
		};
		8EF3F9DB1C43DE2B00B8AAFC /* CommonLibrary */ = {
			isa = PBXGroup;
			children = (
				8EF3F9FA1C43DE6300B8AAFC /* UIImage+Ext.h */,
				8EF3F9FB1C43DE6300B8AAFC /* UIImage+Ext.m */,
				8EF3F9FC1C43DE6300B8AAFC /* iOS8Utility.h */,
				8EF3F9FD1C43DE6300B8AAFC /* iOS8Utility.m */,
			);
			name = CommonLibrary;
			sourceTree = "<group>";
		};
		C6C99817258F31561FF47C03 /* Frameworks */ = {
			isa = PBXGroup;
			children = (
				29A5FA14CEE611B815C37AB7 /* libPods-dashQ.a */,
			);
			name = Frameworks;
			sourceTree = "<group>";
		};
		FCF7AF7F45EE1289A4763D38 /* Pods */ = {
			isa = PBXGroup;
			children = (
				7AC5F02D7C54853B1D554756 /* Pods-dashQ.debug.xcconfig */,
				E27D17B202E551C23DD54BBF /* Pods-dashQ.release.xcconfig */,
			);
			name = Pods;
			sourceTree = "<group>";
		};
/* End PBXGroup section */

/* Begin PBXNativeTarget section */
		8EBD1FD31C36C7D7009A014D /* dashQ */ = {
			isa = PBXNativeTarget;
			buildConfigurationList = 8EBD1FFA1C36C7D9009A014D /* Build configuration list for PBXNativeTarget "dashQ" */;
			buildPhases = (
				F367DA3F22E3D4D2ADEDAB29 /* Check Pods Manifest.lock */,
				8EBD1FD01C36C7D7009A014D /* Sources */,
				8EBD1FD11C36C7D7009A014D /* Frameworks */,
				8EBD1FD21C36C7D7009A014D /* Resources */,
				6D65F50B132562C53879ECC2 /* Copy Pods Resources */,
			);
			buildRules = (
			);
			dependencies = (
			);
			name = dashQ;
			productName = dashQ;
			productReference = 8EBD1FD41C36C7D7009A014D /* dashQ.app */;
			productType = "com.apple.product-type.application";
		};
/* End PBXNativeTarget section */

/* Begin PBXProject section */
		8EBD1FCC1C36C7D7009A014D /* Project object */ = {
			isa = PBXProject;
			attributes = {
				LastUpgradeCheck = 0720;
				ORGANIZATIONNAME = "dashQ Inc.";
				TargetAttributes = {
					8EBD1FD31C36C7D7009A014D = {
						CreatedOnToolsVersion = 6.4;
					};
				};
			};
			buildConfigurationList = 8EBD1FCF1C36C7D7009A014D /* Build configuration list for PBXProject "dashQ" */;
			compatibilityVersion = "Xcode 3.2";
			developmentRegion = English;
			hasScannedForEncodings = 0;
			knownRegions = (
				en,
				Base,
			);
			mainGroup = 8EBD1FCB1C36C7D7009A014D;
			productRefGroup = 8EBD1FD51C36C7D7009A014D /* Products */;
			projectDirPath = "";
			projectRoot = "";
			targets = (
				8EBD1FD31C36C7D7009A014D /* dashQ */,
			);
		};
/* End PBXProject section */

/* Begin PBXResourcesBuildPhase section */
		8EBD1FD21C36C7D7009A014D /* Resources */ = {
			isa = PBXResourcesBuildPhase;
			buildActionMask = 2147483647;
			files = (
				8EF3F9F31C43DE5D00B8AAFC /* CommonHeaderView.xib in Resources */,
				8EF3F9F71C43DE5D00B8AAFC /* CommonGadgetToolsView.xib in Resources */,
				8EF3F9E51C43DE4A00B8AAFC /* CommonEmptyCell.xib in Resources */,
				8EBD1FE61C36C7D7009A014D /* Main.storyboard in Resources */,
				8E7EC6141C391F6E007A5638 /* ItemViewController.xib in Resources */,
				8EF3F9E31C43DE4A00B8AAFC /* CommonTitleCell.xib in Resources */,
				8EF3F9F51C43DE5D00B8AAFC /* CommonGadgetView.xib in Resources */,
				8EF3F9F91C43DE5D00B8AAFC /* CommonSearchBarView.xib in Resources */,
				8EBD1FEB1C36C7D8009A014D /* LaunchScreen.xib in Resources */,
				8EBD1FE81C36C7D7009A014D /* Images.xcassets in Resources */,
			);
			runOnlyForDeploymentPostprocessing = 0;
		};
/* End PBXResourcesBuildPhase section */

/* Begin PBXShellScriptBuildPhase section */
		6D65F50B132562C53879ECC2 /* Copy Pods Resources */ = {
			isa = PBXShellScriptBuildPhase;
			buildActionMask = 2147483647;
			files = (
			);
			inputPaths = (
			);
			name = "Copy Pods Resources";
			outputPaths = (
			);
			runOnlyForDeploymentPostprocessing = 0;
			shellPath = /bin/sh;
			shellScript = "\"${SRCROOT}/Pods/Target Support Files/Pods-dashQ/Pods-dashQ-resources.sh\"\n";
			showEnvVarsInLog = 0;
		};
		F367DA3F22E3D4D2ADEDAB29 /* Check Pods Manifest.lock */ = {
			isa = PBXShellScriptBuildPhase;
			buildActionMask = 2147483647;
			files = (
			);
			inputPaths = (
			);
			name = "Check Pods Manifest.lock";
			outputPaths = (
			);
			runOnlyForDeploymentPostprocessing = 0;
			shellPath = /bin/sh;
			shellScript = "diff \"${PODS_ROOT}/../Podfile.lock\" \"${PODS_ROOT}/Manifest.lock\" > /dev/null\nif [[ $? != 0 ]] ; then\n    cat << EOM\nerror: The sandbox is not in sync with the Podfile.lock. Run 'pod install' or update your CocoaPods installation.\nEOM\n    exit 1\nfi\n";
			showEnvVarsInLog = 0;
		};
/* End PBXShellScriptBuildPhase section */

/* Begin PBXSourcesBuildPhase section */
		8EBD1FD01C36C7D7009A014D /* Sources */ = {
			isa = PBXSourcesBuildPhase;
			buildActionMask = 2147483647;
			files = (
				8EBD1FDD1C36C7D7009A014D /* AppDelegate.m in Sources */,
				8EF3F9F41C43DE5D00B8AAFC /* CommonGadgetView.m in Sources */,
				8EBD1FDA1C36C7D7009A014D /* main.m in Sources */,
				8EF3F9F81C43DE5D00B8AAFC /* CommonSearchBarView.m in Sources */,
				8EF3F9FE1C43DE6300B8AAFC /* UIImage+Ext.m in Sources */,
				8E7EC6131C391F6E007A5638 /* ItemViewController.m in Sources */,
				8EF3F9E41C43DE4A00B8AAFC /* CommonEmptyCell.m in Sources */,
				8EF3F9F21C43DE5D00B8AAFC /* CommonHeaderView.m in Sources */,
				8EF3F9FF1C43DE6300B8AAFC /* iOS8Utility.m in Sources */,
				8EBD1FE01C36C7D7009A014D /* dashQ.xcdatamodeld in Sources */,
				8E7EC60D1C391931007A5638 /* HomeViewController.m in Sources */,
				8EF3F9E21C43DE4A00B8AAFC /* CommonTitleCell.m in Sources */,
				8E6E6BAC1C46930A007FB6E1 /* RootNavigationController.m in Sources */,
				8EF3F9F61C43DE5D00B8AAFC /* CommonGadgetToolsView.m in Sources */,
			);
			runOnlyForDeploymentPostprocessing = 0;
		};
/* End PBXSourcesBuildPhase section */

/* Begin PBXVariantGroup section */
		8EBD1FE41C36C7D7009A014D /* Main.storyboard */ = {
			isa = PBXVariantGroup;
			children = (
				8EBD1FE51C36C7D7009A014D /* Base */,
			);
			name = Main.storyboard;
			sourceTree = "<group>";
		};
		8EBD1FE91C36C7D8009A014D /* LaunchScreen.xib */ = {
			isa = PBXVariantGroup;
			children = (
				8EBD1FEA1C36C7D8009A014D /* Base */,
			);
			name = LaunchScreen.xib;
			sourceTree = "<group>";
		};
/* End PBXVariantGroup section */

/* Begin XCBuildConfiguration section */
		8EBD1FF81C36C7D9009A014D /* Debug */ = {
			isa = XCBuildConfiguration;
			buildSettings = {
				ALWAYS_SEARCH_USER_PATHS = NO;
				CLANG_CXX_LANGUAGE_STANDARD = "gnu++0x";
				CLANG_CXX_LIBRARY = "libc++";
				CLANG_ENABLE_MODULES = YES;
				CLANG_ENABLE_OBJC_ARC = YES;
				CLANG_WARN_BOOL_CONVERSION = YES;
				CLANG_WARN_CONSTANT_CONVERSION = YES;
				CLANG_WARN_DIRECT_OBJC_ISA_USAGE = YES_ERROR;
				CLANG_WARN_EMPTY_BODY = YES;
				CLANG_WARN_ENUM_CONVERSION = YES;
				CLANG_WARN_INT_CONVERSION = YES;
				CLANG_WARN_OBJC_ROOT_CLASS = YES_ERROR;
				CLANG_WARN_UNREACHABLE_CODE = YES;
				CLANG_WARN__DUPLICATE_METHOD_MATCH = YES;
				"CODE_SIGN_IDENTITY[sdk=iphoneos*]" = "iPhone Developer";
				COPY_PHASE_STRIP = NO;
				DEBUG_INFORMATION_FORMAT = "dwarf-with-dsym";
				ENABLE_STRICT_OBJC_MSGSEND = YES;
				ENABLE_TESTABILITY = YES;
				GCC_C_LANGUAGE_STANDARD = gnu99;
				GCC_DYNAMIC_NO_PIC = NO;
				GCC_NO_COMMON_BLOCKS = YES;
				GCC_OPTIMIZATION_LEVEL = 0;
				GCC_PREPROCESSOR_DEFINITIONS = (
					"DEBUG=1",
					"$(inherited)",
				);
				GCC_SYMBOLS_PRIVATE_EXTERN = NO;
				GCC_WARN_64_TO_32_BIT_CONVERSION = YES;
				GCC_WARN_ABOUT_RETURN_TYPE = YES_ERROR;
				GCC_WARN_UNDECLARED_SELECTOR = YES;
				GCC_WARN_UNINITIALIZED_AUTOS = YES_AGGRESSIVE;
				GCC_WARN_UNUSED_FUNCTION = YES;
				GCC_WARN_UNUSED_VARIABLE = YES;
				IPHONEOS_DEPLOYMENT_TARGET = 8.4;
				MTL_ENABLE_DEBUG_INFO = YES;
				ONLY_ACTIVE_ARCH = YES;
				SDKROOT = iphoneos;
			};
			name = Debug;
		};
		8EBD1FF91C36C7D9009A014D /* Release */ = {
			isa = XCBuildConfiguration;
			buildSettings = {
				ALWAYS_SEARCH_USER_PATHS = NO;
				CLANG_CXX_LANGUAGE_STANDARD = "gnu++0x";
				CLANG_CXX_LIBRARY = "libc++";
				CLANG_ENABLE_MODULES = YES;
				CLANG_ENABLE_OBJC_ARC = YES;
				CLANG_WARN_BOOL_CONVERSION = YES;
				CLANG_WARN_CONSTANT_CONVERSION = YES;
				CLANG_WARN_DIRECT_OBJC_ISA_USAGE = YES_ERROR;
				CLANG_WARN_EMPTY_BODY = YES;
				CLANG_WARN_ENUM_CONVERSION = YES;
				CLANG_WARN_INT_CONVERSION = YES;
				CLANG_WARN_OBJC_ROOT_CLASS = YES_ERROR;
				CLANG_WARN_UNREACHABLE_CODE = YES;
				CLANG_WARN__DUPLICATE_METHOD_MATCH = YES;
				"CODE_SIGN_IDENTITY[sdk=iphoneos*]" = "iPhone Developer";
				COPY_PHASE_STRIP = NO;
				DEBUG_INFORMATION_FORMAT = "dwarf-with-dsym";
				ENABLE_NS_ASSERTIONS = NO;
				ENABLE_STRICT_OBJC_MSGSEND = YES;
				GCC_C_LANGUAGE_STANDARD = gnu99;
				GCC_NO_COMMON_BLOCKS = YES;
				GCC_WARN_64_TO_32_BIT_CONVERSION = YES;
				GCC_WARN_ABOUT_RETURN_TYPE = YES_ERROR;
				GCC_WARN_UNDECLARED_SELECTOR = YES;
				GCC_WARN_UNINITIALIZED_AUTOS = YES_AGGRESSIVE;
				GCC_WARN_UNUSED_FUNCTION = YES;
				GCC_WARN_UNUSED_VARIABLE = YES;
				IPHONEOS_DEPLOYMENT_TARGET = 8.4;
				MTL_ENABLE_DEBUG_INFO = NO;
				SDKROOT = iphoneos;
				VALIDATE_PRODUCT = YES;
			};
			name = Release;
		};
		8EBD1FFB1C36C7D9009A014D /* Debug */ = {
			isa = XCBuildConfiguration;
			baseConfigurationReference = 7AC5F02D7C54853B1D554756 /* Pods-dashQ.debug.xcconfig */;
			buildSettings = {
				ASSETCATALOG_COMPILER_APPICON_NAME = AppIcon;
				INFOPLIST_FILE = dashQ/Info.plist;
				IPHONEOS_DEPLOYMENT_TARGET = 8.0;
				LD_RUNPATH_SEARCH_PATHS = "$(inherited) @executable_path/Frameworks";
				PRODUCT_BUNDLE_IDENTIFIER = "com.iOS.$(PRODUCT_NAME:rfc1034identifier)";
				PRODUCT_NAME = "$(TARGET_NAME)";
			};
			name = Debug;
		};
		8EBD1FFC1C36C7D9009A014D /* Release */ = {
			isa = XCBuildConfiguration;
			baseConfigurationReference = E27D17B202E551C23DD54BBF /* Pods-dashQ.release.xcconfig */;
			buildSettings = {
				ASSETCATALOG_COMPILER_APPICON_NAME = AppIcon;
				INFOPLIST_FILE = dashQ/Info.plist;
				IPHONEOS_DEPLOYMENT_TARGET = 8.0;
				LD_RUNPATH_SEARCH_PATHS = "$(inherited) @executable_path/Frameworks";
				PRODUCT_BUNDLE_IDENTIFIER = "com.iOS.$(PRODUCT_NAME:rfc1034identifier)";
				PRODUCT_NAME = "$(TARGET_NAME)";
			};
			name = Release;
		};
/* End XCBuildConfiguration section */

/* Begin XCConfigurationList section */
		8EBD1FCF1C36C7D7009A014D /* Build configuration list for PBXProject "dashQ" */ = {
			isa = XCConfigurationList;
			buildConfigurations = (
				8EBD1FF81C36C7D9009A014D /* Debug */,
				8EBD1FF91C36C7D9009A014D /* Release */,
			);
			defaultConfigurationIsVisible = 0;
			defaultConfigurationName = Release;
		};
		8EBD1FFA1C36C7D9009A014D /* Build configuration list for PBXNativeTarget "dashQ" */ = {
			isa = XCConfigurationList;
			buildConfigurations = (
				8EBD1FFB1C36C7D9009A014D /* Debug */,
				8EBD1FFC1C36C7D9009A014D /* Release */,
			);
			defaultConfigurationIsVisible = 0;
			defaultConfigurationName = Release;
		};
/* End XCConfigurationList section */

/* Begin XCVersionGroup section */
		8EBD1FDE1C36C7D7009A014D /* dashQ.xcdatamodeld */ = {
			isa = XCVersionGroup;
			children = (
				8EBD1FDF1C36C7D7009A014D /* dashQ.xcdatamodel */,
			);
			currentVersion = 8EBD1FDF1C36C7D7009A014D /* dashQ.xcdatamodel */;
			path = dashQ.xcdatamodeld;
			sourceTree = "<group>";
			versionGroupType = wrapper.xcdatamodel;
		};
/* End XCVersionGroup section */
	};
	rootObject = 8EBD1FCC1C36C7D7009A014D /* Project object */;
}
