// !$*UTF8*$!
{
	archiveVersion = 1;
	classes = {
	};
	objectVersion = 46;
	objects = {

/* Begin PBXBuildFile section */
		8E6E6BAC1C46930A007FB6E1 /* RootNavigationController.m in Sources */ = {isa = PBXBuildFile; fileRef = 8E6E6BAB1C46930A007FB6E1 /* RootNavigationController.m */; };
		8E7EC60D1C391931007A5638 /* HomeViewController.m in Sources */ = {isa = PBXBuildFile; fileRef = 8E7EC60C1C391931007A5638 /* HomeViewController.m */; };
		8E7EC6131C391F6E007A5638 /* ItemViewController.m in Sources */ = {isa = PBXBuildFile; fileRef = 8E7EC6111C391F6E007A5638 /* ItemViewController.m */; };
		8E7EC6141C391F6E007A5638 /* ItemViewController.xib in Resources */ = {isa = PBXBuildFile; fileRef = 8E7EC6121C391F6E007A5638 /* ItemViewController.xib */; };
		8EBD1FDA1C36C7D7009A014D /* main.m in Sources */ = {isa = PBXBuildFile; fileRef = 8EBD1FD91C36C7D7009A014D /* main.m */; };
		8EBD1FDD1C36C7D7009A014D /* AppDelegate.m in Sources */ = {isa = PBXBuildFile; fileRef = 8EBD1FDC1C36C7D7009A014D /* AppDelegate.m */; };
		8EBD1FE01C36C7D7009A014D /* dashQ.xcdatamodeld in Sources */ = {isa = PBXBuildFile; fileRef = 8EBD1FDE1C36C7D7009A014D /* dashQ.xcdatamodeld */; };
		8EBD1FE61C36C7D7009A014D /* Main.storyboard in Resources */ = {isa = PBXBuildFile; fileRef = 8EBD1FE41C36C7D7009A014D /* Main.storyboard */; };
		8EBD1FE81C36C7D7009A014D /* Images.xcassets in Resources */ = {isa = PBXBuildFile; fileRef = 8EBD1FE71C36C7D7009A014D /* Images.xcassets */; };
		8EBD1FEB1C36C7D8009A014D /* LaunchScreen.xib in Resources */ = {isa = PBXBuildFile; fileRef = 8EBD1FE91C36C7D8009A014D /* LaunchScreen.xib */; };
		8EEEFE3C1C4A64BC00F5462A /* ItemMainTitleCell.m in Sources */ = {isa = PBXBuildFile; fileRef = 8EEEFE3A1C4A64BC00F5462A /* ItemMainTitleCell.m */; };
		8EEEFE3D1C4A64BC00F5462A /* ItemMainTitleCell.xib in Resources */ = {isa = PBXBuildFile; fileRef = 8EEEFE3B1C4A64BC00F5462A /* ItemMainTitleCell.xib */; };
		8EEEFE411C4A64D000F5462A /* ItemSubCell.m in Sources */ = {isa = PBXBuildFile; fileRef = 8EEEFE3F1C4A64D000F5462A /* ItemSubCell.m */; };
		8EEEFE421C4A64D000F5462A /* ItemSubCell.xib in Resources */ = {isa = PBXBuildFile; fileRef = 8EEEFE401C4A64D000F5462A /* ItemSubCell.xib */; };
		8EEEFE461C4A663300F5462A /* ImagePickerViewController.m in Sources */ = {isa = PBXBuildFile; fileRef = 8EEEFE441C4A663300F5462A /* ImagePickerViewController.m */; };
		8EEEFE471C4A663300F5462A /* ImagePickerViewController.xib in Resources */ = {isa = PBXBuildFile; fileRef = 8EEEFE451C4A663300F5462A /* ImagePickerViewController.xib */; };
		8EEEFE4B1C4A664700F5462A /* HomeItemCell.m in Sources */ = {isa = PBXBuildFile; fileRef = 8EEEFE491C4A664700F5462A /* HomeItemCell.m */; };
		8EEEFE4C1C4A664700F5462A /* HomeItemCell.xib in Resources */ = {isa = PBXBuildFile; fileRef = 8EEEFE4A1C4A664700F5462A /* HomeItemCell.xib */; };
		8EEEFE591C4A694C00F5462A /* WriteToolBarView.m in Sources */ = {isa = PBXBuildFile; fileRef = 8EEEFE501C4A694C00F5462A /* WriteToolBarView.m */; };
		8EEEFE5A1C4A694C00F5462A /* WriteToolBarView.xib in Resources */ = {isa = PBXBuildFile; fileRef = 8EEEFE511C4A694C00F5462A /* WriteToolBarView.xib */; };
		8EEEFE5B1C4A694C00F5462A /* WriteMainImageCell.m in Sources */ = {isa = PBXBuildFile; fileRef = 8EEEFE531C4A694C00F5462A /* WriteMainImageCell.m */; };
		8EEEFE5C1C4A694C00F5462A /* WriteMainImageCell.xib in Resources */ = {isa = PBXBuildFile; fileRef = 8EEEFE541C4A694C00F5462A /* WriteMainImageCell.xib */; };
		8EEEFE5D1C4A694C00F5462A /* WriteSubInfoCell.m in Sources */ = {isa = PBXBuildFile; fileRef = 8EEEFE561C4A694C00F5462A /* WriteSubInfoCell.m */; };
		8EEEFE5E1C4A694C00F5462A /* WriteSubInfoCell.xib in Resources */ = {isa = PBXBuildFile; fileRef = 8EEEFE571C4A694C00F5462A /* WriteSubInfoCell.xib */; };
		8EEEFE641C4B853E00F5462A /* ItemMainHeaderView.m in Sources */ = {isa = PBXBuildFile; fileRef = 8EEEFE631C4B853E00F5462A /* ItemMainHeaderView.m */; };
		8EEEFE671C4B855500F5462A /* ItemSubHeaderView.m in Sources */ = {isa = PBXBuildFile; fileRef = 8EEEFE661C4B855500F5462A /* ItemSubHeaderView.m */; };
		8EEEFE691C4B856300F5462A /* ItemMainHeaderView.xib in Resources */ = {isa = PBXBuildFile; fileRef = 8EEEFE681C4B856300F5462A /* ItemMainHeaderView.xib */; };
		8EEEFE6B1C4B857200F5462A /* ItemSubHeaderView.xib in Resources */ = {isa = PBXBuildFile; fileRef = 8EEEFE6A1C4B857200F5462A /* ItemSubHeaderView.xib */; };
		8EEEFE701C4E77E700F5462A /* SearchViewController.m in Sources */ = {isa = PBXBuildFile; fileRef = 8EEEFE6E1C4E77E700F5462A /* SearchViewController.m */; };
		8EEEFE711C4E77E700F5462A /* SearchViewController.xib in Resources */ = {isa = PBXBuildFile; fileRef = 8EEEFE6F1C4E77E700F5462A /* SearchViewController.xib */; };
		8EEEFE751C4E780B00F5462A /* SearchItemCell.m in Sources */ = {isa = PBXBuildFile; fileRef = 8EEEFE731C4E780B00F5462A /* SearchItemCell.m */; };
		8EEEFE761C4E780B00F5462A /* SearchItemCell.xib in Resources */ = {isa = PBXBuildFile; fileRef = 8EEEFE741C4E780B00F5462A /* SearchItemCell.xib */; };
		8EEEFE791C4E816100F5462A /* CustomInputView.m in Sources */ = {isa = PBXBuildFile; fileRef = 8EEEFE781C4E816100F5462A /* CustomInputView.m */; };
		8EEEFE7B1C4E816B00F5462A /* CustomInputView.xib in Resources */ = {isa = PBXBuildFile; fileRef = 8EEEFE7A1C4E816B00F5462A /* CustomInputView.xib */; };
		8EEEFE7F1C51279700F5462A /* WriteViewController.m in Sources */ = {isa = PBXBuildFile; fileRef = 8EEEFE7D1C51279700F5462A /* WriteViewController.m */; };
		8EEEFE801C51279700F5462A /* WriteViewController.xib in Resources */ = {isa = PBXBuildFile; fileRef = 8EEEFE7E1C51279700F5462A /* WriteViewController.xib */; };
		8EEEFE831C52745800F5462A /* RootViewController.m in Sources */ = {isa = PBXBuildFile; fileRef = 8EEEFE821C52745800F5462A /* RootViewController.m */; };
		8EEEFE861C5518B600F5462A /* WriteInfoModel.m in Sources */ = {isa = PBXBuildFile; fileRef = 8EEEFE851C5518B600F5462A /* WriteInfoModel.m */; };
		8EF3F9E21C43DE4A00B8AAFC /* CommonTitleCell.m in Sources */ = {isa = PBXBuildFile; fileRef = 8EF3F9DD1C43DE4A00B8AAFC /* CommonTitleCell.m */; };
		8EF3F9E31C43DE4A00B8AAFC /* CommonTitleCell.xib in Resources */ = {isa = PBXBuildFile; fileRef = 8EF3F9DE1C43DE4A00B8AAFC /* CommonTitleCell.xib */; };
		8EF3F9E41C43DE4A00B8AAFC /* CommonEmptyCell.m in Sources */ = {isa = PBXBuildFile; fileRef = 8EF3F9E01C43DE4A00B8AAFC /* CommonEmptyCell.m */; };
		8EF3F9E51C43DE4A00B8AAFC /* CommonEmptyCell.xib in Resources */ = {isa = PBXBuildFile; fileRef = 8EF3F9E11C43DE4A00B8AAFC /* CommonEmptyCell.xib */; };
		8EF3F9F21C43DE5D00B8AAFC /* CommonHeaderView.m in Sources */ = {isa = PBXBuildFile; fileRef = 8EF3F9E71C43DE5D00B8AAFC /* CommonHeaderView.m */; };
		8EF3F9F31C43DE5D00B8AAFC /* CommonHeaderView.xib in Resources */ = {isa = PBXBuildFile; fileRef = 8EF3F9E81C43DE5D00B8AAFC /* CommonHeaderView.xib */; };
		8EF3F9F41C43DE5D00B8AAFC /* CommonGadgetView.m in Sources */ = {isa = PBXBuildFile; fileRef = 8EF3F9EA1C43DE5D00B8AAFC /* CommonGadgetView.m */; };
		8EF3F9F51C43DE5D00B8AAFC /* CommonGadgetView.xib in Resources */ = {isa = PBXBuildFile; fileRef = 8EF3F9EB1C43DE5D00B8AAFC /* CommonGadgetView.xib */; };
		8EF3F9F61C43DE5D00B8AAFC /* CommonGadgetToolsView.m in Sources */ = {isa = PBXBuildFile; fileRef = 8EF3F9ED1C43DE5D00B8AAFC /* CommonGadgetToolsView.m */; };
		8EF3F9F71C43DE5D00B8AAFC /* CommonGadgetToolsView.xib in Resources */ = {isa = PBXBuildFile; fileRef = 8EF3F9EE1C43DE5D00B8AAFC /* CommonGadgetToolsView.xib */; };
		8EF3F9F81C43DE5D00B8AAFC /* CommonSearchBarView.m in Sources */ = {isa = PBXBuildFile; fileRef = 8EF3F9F01C43DE5D00B8AAFC /* CommonSearchBarView.m */; };
		8EF3F9F91C43DE5D00B8AAFC /* CommonSearchBarView.xib in Resources */ = {isa = PBXBuildFile; fileRef = 8EF3F9F11C43DE5D00B8AAFC /* CommonSearchBarView.xib */; };
		8EF3F9FE1C43DE6300B8AAFC /* UIImage+Ext.m in Sources */ = {isa = PBXBuildFile; fileRef = 8EF3F9FB1C43DE6300B8AAFC /* UIImage+Ext.m */; };
		8EF3F9FF1C43DE6300B8AAFC /* iOS8Utility.m in Sources */ = {isa = PBXBuildFile; fileRef = 8EF3F9FD1C43DE6300B8AAFC /* iOS8Utility.m */; };
		D57124524EA2062FD34BB2BE /* libPods-dashQ.a in Frameworks */ = {isa = PBXBuildFile; fileRef = 29A5FA14CEE611B815C37AB7 /* libPods-dashQ.a */; };
/* End PBXBuildFile section */

/* Begin PBXFileReference section */
		29A5FA14CEE611B815C37AB7 /* libPods-dashQ.a */ = {isa = PBXFileReference; explicitFileType = archive.ar; includeInIndex = 0; path = "libPods-dashQ.a"; sourceTree = BUILT_PRODUCTS_DIR; };
		7AC5F02D7C54853B1D554756 /* Pods-dashQ.debug.xcconfig */ = {isa = PBXFileReference; includeInIndex = 1; lastKnownFileType = text.xcconfig; name = "Pods-dashQ.debug.xcconfig"; path = "Pods/Target Support Files/Pods-dashQ/Pods-dashQ.debug.xcconfig"; sourceTree = "<group>"; };
		8E6E6BAA1C46930A007FB6E1 /* RootNavigationController.h */ = {isa = PBXFileReference; fileEncoding = 4; lastKnownFileType = sourcecode.c.h; path = RootNavigationController.h; sourceTree = "<group>"; };
		8E6E6BAB1C46930A007FB6E1 /* RootNavigationController.m */ = {isa = PBXFileReference; fileEncoding = 4; lastKnownFileType = sourcecode.c.objc; path = RootNavigationController.m; sourceTree = "<group>"; };
		8E7EC60B1C391931007A5638 /* HomeViewController.h */ = {isa = PBXFileReference; fileEncoding = 4; lastKnownFileType = sourcecode.c.h; path = HomeViewController.h; sourceTree = "<group>"; };
		8E7EC60C1C391931007A5638 /* HomeViewController.m */ = {isa = PBXFileReference; fileEncoding = 4; lastKnownFileType = sourcecode.c.objc; path = HomeViewController.m; sourceTree = "<group>"; };
		8E7EC6101C391F6E007A5638 /* ItemViewController.h */ = {isa = PBXFileReference; fileEncoding = 4; lastKnownFileType = sourcecode.c.h; path = ItemViewController.h; sourceTree = "<group>"; };
		8E7EC6111C391F6E007A5638 /* ItemViewController.m */ = {isa = PBXFileReference; fileEncoding = 4; lastKnownFileType = sourcecode.c.objc; path = ItemViewController.m; sourceTree = "<group>"; };
		8E7EC6121C391F6E007A5638 /* ItemViewController.xib */ = {isa = PBXFileReference; fileEncoding = 4; lastKnownFileType = file.xib; path = ItemViewController.xib; sourceTree = "<group>"; };
		8EBD1FD41C36C7D7009A014D /* dashQ.app */ = {isa = PBXFileReference; explicitFileType = wrapper.application; includeInIndex = 0; path = dashQ.app; sourceTree = BUILT_PRODUCTS_DIR; };
		8EBD1FD81C36C7D7009A014D /* Info.plist */ = {isa = PBXFileReference; lastKnownFileType = text.plist.xml; path = Info.plist; sourceTree = "<group>"; };
		8EBD1FD91C36C7D7009A014D /* main.m */ = {isa = PBXFileReference; lastKnownFileType = sourcecode.c.objc; path = main.m; sourceTree = "<group>"; };
		8EBD1FDB1C36C7D7009A014D /* AppDelegate.h */ = {isa = PBXFileReference; lastKnownFileType = sourcecode.c.h; path = AppDelegate.h; sourceTree = "<group>"; };
		8EBD1FDC1C36C7D7009A014D /* AppDelegate.m */ = {isa = PBXFileReference; lastKnownFileType = sourcecode.c.objc; path = AppDelegate.m; sourceTree = "<group>"; };
		8EBD1FDF1C36C7D7009A014D /* dashQ.xcdatamodel */ = {isa = PBXFileReference; lastKnownFileType = wrapper.xcdatamodel; path = dashQ.xcdatamodel; sourceTree = "<group>"; };
		8EBD1FE51C36C7D7009A014D /* Base */ = {isa = PBXFileReference; lastKnownFileType = file.storyboard; name = Base; path = Base.lproj/Main.storyboard; sourceTree = "<group>"; };
		8EBD1FE71C36C7D7009A014D /* Images.xcassets */ = {isa = PBXFileReference; lastKnownFileType = folder.assetcatalog; path = Images.xcassets; sourceTree = "<group>"; };
		8EBD1FEA1C36C7D8009A014D /* Base */ = {isa = PBXFileReference; lastKnownFileType = file.xib; name = Base; path = Base.lproj/LaunchScreen.xib; sourceTree = "<group>"; };
		8EEEFE2E1C492B9600F5462A /* dashQ-PrefixHeader.pch */ = {isa = PBXFileReference; fileEncoding = 4; lastKnownFileType = sourcecode.c.h; path = "dashQ-PrefixHeader.pch"; sourceTree = "<group>"; };
		8EEEFE391C4A64BC00F5462A /* ItemMainTitleCell.h */ = {isa = PBXFileReference; fileEncoding = 4; lastKnownFileType = sourcecode.c.h; path = ItemMainTitleCell.h; sourceTree = "<group>"; };
		8EEEFE3A1C4A64BC00F5462A /* ItemMainTitleCell.m */ = {isa = PBXFileReference; fileEncoding = 4; lastKnownFileType = sourcecode.c.objc; path = ItemMainTitleCell.m; sourceTree = "<group>"; };
		8EEEFE3B1C4A64BC00F5462A /* ItemMainTitleCell.xib */ = {isa = PBXFileReference; fileEncoding = 4; lastKnownFileType = file.xib; path = ItemMainTitleCell.xib; sourceTree = "<group>"; };
		8EEEFE3E1C4A64D000F5462A /* ItemSubCell.h */ = {isa = PBXFileReference; fileEncoding = 4; lastKnownFileType = sourcecode.c.h; path = ItemSubCell.h; sourceTree = "<group>"; };
		8EEEFE3F1C4A64D000F5462A /* ItemSubCell.m */ = {isa = PBXFileReference; fileEncoding = 4; lastKnownFileType = sourcecode.c.objc; path = ItemSubCell.m; sourceTree = "<group>"; };
		8EEEFE401C4A64D000F5462A /* ItemSubCell.xib */ = {isa = PBXFileReference; fileEncoding = 4; lastKnownFileType = file.xib; path = ItemSubCell.xib; sourceTree = "<group>"; };
		8EEEFE431C4A663300F5462A /* ImagePickerViewController.h */ = {isa = PBXFileReference; fileEncoding = 4; lastKnownFileType = sourcecode.c.h; path = ImagePickerViewController.h; sourceTree = "<group>"; };
		8EEEFE441C4A663300F5462A /* ImagePickerViewController.m */ = {isa = PBXFileReference; fileEncoding = 4; lastKnownFileType = sourcecode.c.objc; path = ImagePickerViewController.m; sourceTree = "<group>"; };
		8EEEFE451C4A663300F5462A /* ImagePickerViewController.xib */ = {isa = PBXFileReference; fileEncoding = 4; lastKnownFileType = file.xib; path = ImagePickerViewController.xib; sourceTree = "<group>"; };
		8EEEFE481C4A664700F5462A /* HomeItemCell.h */ = {isa = PBXFileReference; fileEncoding = 4; lastKnownFileType = sourcecode.c.h; path = HomeItemCell.h; sourceTree = "<group>"; };
		8EEEFE491C4A664700F5462A /* HomeItemCell.m */ = {isa = PBXFileReference; fileEncoding = 4; lastKnownFileType = sourcecode.c.objc; path = HomeItemCell.m; sourceTree = "<group>"; };
		8EEEFE4A1C4A664700F5462A /* HomeItemCell.xib */ = {isa = PBXFileReference; fileEncoding = 4; lastKnownFileType = file.xib; path = HomeItemCell.xib; sourceTree = "<group>"; };
		8EEEFE4F1C4A694C00F5462A /* WriteToolBarView.h */ = {isa = PBXFileReference; fileEncoding = 4; lastKnownFileType = sourcecode.c.h; path = WriteToolBarView.h; sourceTree = "<group>"; };
		8EEEFE501C4A694C00F5462A /* WriteToolBarView.m */ = {isa = PBXFileReference; fileEncoding = 4; lastKnownFileType = sourcecode.c.objc; path = WriteToolBarView.m; sourceTree = "<group>"; };
		8EEEFE511C4A694C00F5462A /* WriteToolBarView.xib */ = {isa = PBXFileReference; fileEncoding = 4; lastKnownFileType = file.xib; path = WriteToolBarView.xib; sourceTree = "<group>"; };
		8EEEFE521C4A694C00F5462A /* WriteMainImageCell.h */ = {isa = PBXFileReference; fileEncoding = 4; lastKnownFileType = sourcecode.c.h; path = WriteMainImageCell.h; sourceTree = "<group>"; };
		8EEEFE531C4A694C00F5462A /* WriteMainImageCell.m */ = {isa = PBXFileReference; fileEncoding = 4; lastKnownFileType = sourcecode.c.objc; path = WriteMainImageCell.m; sourceTree = "<group>"; };
		8EEEFE541C4A694C00F5462A /* WriteMainImageCell.xib */ = {isa = PBXFileReference; fileEncoding = 4; lastKnownFileType = file.xib; path = WriteMainImageCell.xib; sourceTree = "<group>"; };
		8EEEFE551C4A694C00F5462A /* WriteSubInfoCell.h */ = {isa = PBXFileReference; fileEncoding = 4; lastKnownFileType = sourcecode.c.h; path = WriteSubInfoCell.h; sourceTree = "<group>"; };
		8EEEFE561C4A694C00F5462A /* WriteSubInfoCell.m */ = {isa = PBXFileReference; fileEncoding = 4; lastKnownFileType = sourcecode.c.objc; path = WriteSubInfoCell.m; sourceTree = "<group>"; };
		8EEEFE571C4A694C00F5462A /* WriteSubInfoCell.xib */ = {isa = PBXFileReference; fileEncoding = 4; lastKnownFileType = file.xib; path = WriteSubInfoCell.xib; sourceTree = "<group>"; };
		8EEEFE621C4B853E00F5462A /* ItemMainHeaderView.h */ = {isa = PBXFileReference; fileEncoding = 4; lastKnownFileType = sourcecode.c.h; path = ItemMainHeaderView.h; sourceTree = "<group>"; };
		8EEEFE631C4B853E00F5462A /* ItemMainHeaderView.m */ = {isa = PBXFileReference; fileEncoding = 4; lastKnownFileType = sourcecode.c.objc; path = ItemMainHeaderView.m; sourceTree = "<group>"; };
		8EEEFE651C4B855500F5462A /* ItemSubHeaderView.h */ = {isa = PBXFileReference; fileEncoding = 4; lastKnownFileType = sourcecode.c.h; path = ItemSubHeaderView.h; sourceTree = "<group>"; };
		8EEEFE661C4B855500F5462A /* ItemSubHeaderView.m */ = {isa = PBXFileReference; fileEncoding = 4; lastKnownFileType = sourcecode.c.objc; path = ItemSubHeaderView.m; sourceTree = "<group>"; };
		8EEEFE681C4B856300F5462A /* ItemMainHeaderView.xib */ = {isa = PBXFileReference; fileEncoding = 4; lastKnownFileType = file.xib; path = ItemMainHeaderView.xib; sourceTree = "<group>"; };
		8EEEFE6A1C4B857200F5462A /* ItemSubHeaderView.xib */ = {isa = PBXFileReference; fileEncoding = 4; lastKnownFileType = file.xib; path = ItemSubHeaderView.xib; sourceTree = "<group>"; };
		8EEEFE6D1C4E77E700F5462A /* SearchViewController.h */ = {isa = PBXFileReference; fileEncoding = 4; lastKnownFileType = sourcecode.c.h; path = SearchViewController.h; sourceTree = "<group>"; };
		8EEEFE6E1C4E77E700F5462A /* SearchViewController.m */ = {isa = PBXFileReference; fileEncoding = 4; lastKnownFileType = sourcecode.c.objc; path = SearchViewController.m; sourceTree = "<group>"; };
		8EEEFE6F1C4E77E700F5462A /* SearchViewController.xib */ = {isa = PBXFileReference; fileEncoding = 4; lastKnownFileType = file.xib; path = SearchViewController.xib; sourceTree = "<group>"; };
		8EEEFE721C4E780B00F5462A /* SearchItemCell.h */ = {isa = PBXFileReference; fileEncoding = 4; lastKnownFileType = sourcecode.c.h; path = SearchItemCell.h; sourceTree = "<group>"; };
		8EEEFE731C4E780B00F5462A /* SearchItemCell.m */ = {isa = PBXFileReference; fileEncoding = 4; lastKnownFileType = sourcecode.c.objc; path = SearchItemCell.m; sourceTree = "<group>"; };
		8EEEFE741C4E780B00F5462A /* SearchItemCell.xib */ = {isa = PBXFileReference; fileEncoding = 4; lastKnownFileType = file.xib; path = SearchItemCell.xib; sourceTree = "<group>"; };
		8EEEFE771C4E816100F5462A /* CustomInputView.h */ = {isa = PBXFileReference; fileEncoding = 4; lastKnownFileType = sourcecode.c.h; path = CustomInputView.h; sourceTree = "<group>"; };
		8EEEFE781C4E816100F5462A /* CustomInputView.m */ = {isa = PBXFileReference; fileEncoding = 4; lastKnownFileType = sourcecode.c.objc; path = CustomInputView.m; sourceTree = "<group>"; };
		8EEEFE7A1C4E816B00F5462A /* CustomInputView.xib */ = {isa = PBXFileReference; fileEncoding = 4; lastKnownFileType = file.xib; path = CustomInputView.xib; sourceTree = "<group>"; };
		8EEEFE7C1C51279700F5462A /* WriteViewController.h */ = {isa = PBXFileReference; fileEncoding = 4; lastKnownFileType = sourcecode.c.h; path = WriteViewController.h; sourceTree = "<group>"; };
		8EEEFE7D1C51279700F5462A /* WriteViewController.m */ = {isa = PBXFileReference; fileEncoding = 4; lastKnownFileType = sourcecode.c.objc; path = WriteViewController.m; sourceTree = "<group>"; };
		8EEEFE7E1C51279700F5462A /* WriteViewController.xib */ = {isa = PBXFileReference; fileEncoding = 4; lastKnownFileType = file.xib; path = WriteViewController.xib; sourceTree = "<group>"; };
		8EEEFE811C52745800F5462A /* RootViewController.h */ = {isa = PBXFileReference; fileEncoding = 4; lastKnownFileType = sourcecode.c.h; path = RootViewController.h; sourceTree = "<group>"; };
		8EEEFE821C52745800F5462A /* RootViewController.m */ = {isa = PBXFileReference; fileEncoding = 4; lastKnownFileType = sourcecode.c.objc; path = RootViewController.m; sourceTree = "<group>"; };
		8EEEFE841C5518B600F5462A /* WriteInfoModel.h */ = {isa = PBXFileReference; fileEncoding = 4; lastKnownFileType = sourcecode.c.h; path = WriteInfoModel.h; sourceTree = "<group>"; };
		8EEEFE851C5518B600F5462A /* WriteInfoModel.m */ = {isa = PBXFileReference; fileEncoding = 4; lastKnownFileType = sourcecode.c.objc; path = WriteInfoModel.m; sourceTree = "<group>"; };
		8EF3F9DC1C43DE4A00B8AAFC /* CommonTitleCell.h */ = {isa = PBXFileReference; fileEncoding = 4; lastKnownFileType = sourcecode.c.h; path = CommonTitleCell.h; sourceTree = "<group>"; };
		8EF3F9DD1C43DE4A00B8AAFC /* CommonTitleCell.m */ = {isa = PBXFileReference; fileEncoding = 4; lastKnownFileType = sourcecode.c.objc; path = CommonTitleCell.m; sourceTree = "<group>"; };
		8EF3F9DE1C43DE4A00B8AAFC /* CommonTitleCell.xib */ = {isa = PBXFileReference; fileEncoding = 4; lastKnownFileType = file.xib; path = CommonTitleCell.xib; sourceTree = "<group>"; };
		8EF3F9DF1C43DE4A00B8AAFC /* CommonEmptyCell.h */ = {isa = PBXFileReference; fileEncoding = 4; lastKnownFileType = sourcecode.c.h; path = CommonEmptyCell.h; sourceTree = "<group>"; };
		8EF3F9E01C43DE4A00B8AAFC /* CommonEmptyCell.m */ = {isa = PBXFileReference; fileEncoding = 4; lastKnownFileType = sourcecode.c.objc; path = CommonEmptyCell.m; sourceTree = "<group>"; };
		8EF3F9E11C43DE4A00B8AAFC /* CommonEmptyCell.xib */ = {isa = PBXFileReference; fileEncoding = 4; lastKnownFileType = file.xib; path = CommonEmptyCell.xib; sourceTree = "<group>"; };
		8EF3F9E61C43DE5D00B8AAFC /* CommonHeaderView.h */ = {isa = PBXFileReference; fileEncoding = 4; lastKnownFileType = sourcecode.c.h; path = CommonHeaderView.h; sourceTree = "<group>"; };
		8EF3F9E71C43DE5D00B8AAFC /* CommonHeaderView.m */ = {isa = PBXFileReference; fileEncoding = 4; lastKnownFileType = sourcecode.c.objc; path = CommonHeaderView.m; sourceTree = "<group>"; };
		8EF3F9E81C43DE5D00B8AAFC /* CommonHeaderView.xib */ = {isa = PBXFileReference; fileEncoding = 4; lastKnownFileType = file.xib; path = CommonHeaderView.xib; sourceTree = "<group>"; };
		8EF3F9E91C43DE5D00B8AAFC /* CommonGadgetView.h */ = {isa = PBXFileReference; fileEncoding = 4; lastKnownFileType = sourcecode.c.h; path = CommonGadgetView.h; sourceTree = "<group>"; };
		8EF3F9EA1C43DE5D00B8AAFC /* CommonGadgetView.m */ = {isa = PBXFileReference; fileEncoding = 4; lastKnownFileType = sourcecode.c.objc; path = CommonGadgetView.m; sourceTree = "<group>"; };
		8EF3F9EB1C43DE5D00B8AAFC /* CommonGadgetView.xib */ = {isa = PBXFileReference; fileEncoding = 4; lastKnownFileType = file.xib; path = CommonGadgetView.xib; sourceTree = "<group>"; };
		8EF3F9EC1C43DE5D00B8AAFC /* CommonGadgetToolsView.h */ = {isa = PBXFileReference; fileEncoding = 4; lastKnownFileType = sourcecode.c.h; path = CommonGadgetToolsView.h; sourceTree = "<group>"; };
		8EF3F9ED1C43DE5D00B8AAFC /* CommonGadgetToolsView.m */ = {isa = PBXFileReference; fileEncoding = 4; lastKnownFileType = sourcecode.c.objc; path = CommonGadgetToolsView.m; sourceTree = "<group>"; };
		8EF3F9EE1C43DE5D00B8AAFC /* CommonGadgetToolsView.xib */ = {isa = PBXFileReference; fileEncoding = 4; lastKnownFileType = file.xib; path = CommonGadgetToolsView.xib; sourceTree = "<group>"; };
		8EF3F9EF1C43DE5D00B8AAFC /* CommonSearchBarView.h */ = {isa = PBXFileReference; fileEncoding = 4; lastKnownFileType = sourcecode.c.h; path = CommonSearchBarView.h; sourceTree = "<group>"; };
		8EF3F9F01C43DE5D00B8AAFC /* CommonSearchBarView.m */ = {isa = PBXFileReference; fileEncoding = 4; lastKnownFileType = sourcecode.c.objc; path = CommonSearchBarView.m; sourceTree = "<group>"; };
		8EF3F9F11C43DE5D00B8AAFC /* CommonSearchBarView.xib */ = {isa = PBXFileReference; fileEncoding = 4; lastKnownFileType = file.xib; path = CommonSearchBarView.xib; sourceTree = "<group>"; };
		8EF3F9FA1C43DE6300B8AAFC /* UIImage+Ext.h */ = {isa = PBXFileReference; fileEncoding = 4; lastKnownFileType = sourcecode.c.h; path = "UIImage+Ext.h"; sourceTree = "<group>"; };
		8EF3F9FB1C43DE6300B8AAFC /* UIImage+Ext.m */ = {isa = PBXFileReference; fileEncoding = 4; lastKnownFileType = sourcecode.c.objc; path = "UIImage+Ext.m"; sourceTree = "<group>"; };
		8EF3F9FC1C43DE6300B8AAFC /* iOS8Utility.h */ = {isa = PBXFileReference; fileEncoding = 4; lastKnownFileType = sourcecode.c.h; path = iOS8Utility.h; sourceTree = "<group>"; };
		8EF3F9FD1C43DE6300B8AAFC /* iOS8Utility.m */ = {isa = PBXFileReference; fileEncoding = 4; lastKnownFileType = sourcecode.c.objc; path = iOS8Utility.m; sourceTree = "<group>"; };
		E27D17B202E551C23DD54BBF /* Pods-dashQ.release.xcconfig */ = {isa = PBXFileReference; includeInIndex = 1; lastKnownFileType = text.xcconfig; name = "Pods-dashQ.release.xcconfig"; path = "Pods/Target Support Files/Pods-dashQ/Pods-dashQ.release.xcconfig"; sourceTree = "<group>"; };
/* End PBXFileReference section */

/* Begin PBXFrameworksBuildPhase section */
		8EBD1FD11C36C7D7009A014D /* Frameworks */ = {
			isa = PBXFrameworksBuildPhase;
			buildActionMask = 2147483647;
			files = (
				D57124524EA2062FD34BB2BE /* libPods-dashQ.a in Frameworks */,
			);
			runOnlyForDeploymentPostprocessing = 0;
		};
/* End PBXFrameworksBuildPhase section */

/* Begin PBXGroup section */
		8E7EC6041C3913BC007A5638 /* StoryBoard Controllers */ = {
			isa = PBXGroup;
			children = (
				8EEEFE811C52745800F5462A /* RootViewController.h */,
				8EEEFE821C52745800F5462A /* RootViewController.m */,
				8E6E6BAA1C46930A007FB6E1 /* RootNavigationController.h */,
				8E6E6BAB1C46930A007FB6E1 /* RootNavigationController.m */,
				8E7EC60B1C391931007A5638 /* HomeViewController.h */,
				8E7EC60C1C391931007A5638 /* HomeViewController.m */,
				8EEEFE481C4A664700F5462A /* HomeItemCell.h */,
				8EEEFE491C4A664700F5462A /* HomeItemCell.m */,
				8EEEFE4A1C4A664700F5462A /* HomeItemCell.xib */,
			);
			name = "StoryBoard Controllers";
			sourceTree = "<group>";
		};
		8E7EC60E1C391EC2007A5638 /* XibViewControllers */ = {
			isa = PBXGroup;
			children = (
				8EEEFE6C1C4E777900F5462A /* SearchViewController */,
				8EEEFE611C4B84F300F5462A /* WriteViewController */,
				8EEEFE601C4B84EF00F5462A /* ImagePickerController */,
				8EEEFE5F1C4B84E000F5462A /* ItemViewController */,
			);
			name = XibViewControllers;
			sourceTree = "<group>";
		};
		8EBD1FCB1C36C7D7009A014D = {
			isa = PBXGroup;
			children = (
				8EBD1FD61C36C7D7009A014D /* dashQ */,
				8EBD1FD51C36C7D7009A014D /* Products */,
				FCF7AF7F45EE1289A4763D38 /* Pods */,
				C6C99817258F31561FF47C03 /* Frameworks */,
			);
			sourceTree = "<group>";
		};
		8EBD1FD51C36C7D7009A014D /* Products */ = {
			isa = PBXGroup;
			children = (
				8EBD1FD41C36C7D7009A014D /* dashQ.app */,
			);
			name = Products;
			sourceTree = "<group>";
		};
		8EBD1FD61C36C7D7009A014D /* dashQ */ = {
			isa = PBXGroup;
			children = (
				8EF3F9DB1C43DE2B00B8AAFC /* CommonLibrary */,
				8EF3F9DA1C43DE2300B8AAFC /* CommonView */,
				8EF3F9D91C43DE1400B8AAFC /* CommonCell */,
				8E7EC60E1C391EC2007A5638 /* XibViewControllers */,
				8E7EC6041C3913BC007A5638 /* StoryBoard Controllers */,
				8EBD1FDB1C36C7D7009A014D /* AppDelegate.h */,
				8EBD1FDC1C36C7D7009A014D /* AppDelegate.m */,
				8EBD1FE41C36C7D7009A014D /* Main.storyboard */,
				8EBD1FE71C36C7D7009A014D /* Images.xcassets */,
				8EBD1FE91C36C7D8009A014D /* LaunchScreen.xib */,
				8EBD1FDE1C36C7D7009A014D /* dashQ.xcdatamodeld */,
				8EBD1FD71C36C7D7009A014D /* Supporting Files */,
			);
			path = dashQ;
			sourceTree = "<group>";
		};
		8EBD1FD71C36C7D7009A014D /* Supporting Files */ = {
			isa = PBXGroup;
			children = (
				8EBD1FD81C36C7D7009A014D /* Info.plist */,
				8EBD1FD91C36C7D7009A014D /* main.m */,
				8EEEFE2E1C492B9600F5462A /* dashQ-PrefixHeader.pch */,
			);
			name = "Supporting Files";
			sourceTree = "<group>";
		};
		8EEEFE5F1C4B84E000F5462A /* ItemViewController */ = {
			isa = PBXGroup;
			children = (
				8E7EC6101C391F6E007A5638 /* ItemViewController.h */,
				8E7EC6111C391F6E007A5638 /* ItemViewController.m */,
				8E7EC6121C391F6E007A5638 /* ItemViewController.xib */,
				8EEEFE391C4A64BC00F5462A /* ItemMainTitleCell.h */,
				8EEEFE3A1C4A64BC00F5462A /* ItemMainTitleCell.m */,
				8EEEFE3B1C4A64BC00F5462A /* ItemMainTitleCell.xib */,
				8EEEFE3E1C4A64D000F5462A /* ItemSubCell.h */,
				8EEEFE3F1C4A64D000F5462A /* ItemSubCell.m */,
				8EEEFE401C4A64D000F5462A /* ItemSubCell.xib */,
				8EEEFE621C4B853E00F5462A /* ItemMainHeaderView.h */,
				8EEEFE631C4B853E00F5462A /* ItemMainHeaderView.m */,
				8EEEFE681C4B856300F5462A /* ItemMainHeaderView.xib */,
				8EEEFE651C4B855500F5462A /* ItemSubHeaderView.h */,
				8EEEFE661C4B855500F5462A /* ItemSubHeaderView.m */,
				8EEEFE6A1C4B857200F5462A /* ItemSubHeaderView.xib */,
			);
			name = ItemViewController;
			sourceTree = "<group>";
		};
		8EEEFE601C4B84EF00F5462A /* ImagePickerController */ = {
			isa = PBXGroup;
			children = (
				8EEEFE431C4A663300F5462A /* ImagePickerViewController.h */,
				8EEEFE441C4A663300F5462A /* ImagePickerViewController.m */,
				8EEEFE451C4A663300F5462A /* ImagePickerViewController.xib */,
			);
			name = ImagePickerController;
			sourceTree = "<group>";
		};
		8EEEFE611C4B84F300F5462A /* WriteViewController */ = {
			isa = PBXGroup;
			children = (
				8EEEFE7C1C51279700F5462A /* WriteViewController.h */,
				8EEEFE7D1C51279700F5462A /* WriteViewController.m */,
				8EEEFE7E1C51279700F5462A /* WriteViewController.xib */,
				8EEEFE4F1C4A694C00F5462A /* WriteToolBarView.h */,
				8EEEFE501C4A694C00F5462A /* WriteToolBarView.m */,
				8EEEFE511C4A694C00F5462A /* WriteToolBarView.xib */,
				8EEEFE521C4A694C00F5462A /* WriteMainImageCell.h */,
				8EEEFE531C4A694C00F5462A /* WriteMainImageCell.m */,
				8EEEFE541C4A694C00F5462A /* WriteMainImageCell.xib */,
				8EEEFE551C4A694C00F5462A /* WriteSubInfoCell.h */,
				8EEEFE561C4A694C00F5462A /* WriteSubInfoCell.m */,
				8EEEFE571C4A694C00F5462A /* WriteSubInfoCell.xib */,
				8EEEFE841C5518B600F5462A /* WriteInfoModel.h */,
				8EEEFE851C5518B600F5462A /* WriteInfoModel.m */,
			);
			name = WriteViewController;
			sourceTree = "<group>";
		};
		8EEEFE6C1C4E777900F5462A /* SearchViewController */ = {
			isa = PBXGroup;
			children = (
				8EEEFE6D1C4E77E700F5462A /* SearchViewController.h */,
				8EEEFE6E1C4E77E700F5462A /* SearchViewController.m */,
				8EEEFE6F1C4E77E700F5462A /* SearchViewController.xib */,
				8EEEFE721C4E780B00F5462A /* SearchItemCell.h */,
				8EEEFE731C4E780B00F5462A /* SearchItemCell.m */,
				8EEEFE741C4E780B00F5462A /* SearchItemCell.xib */,
			);
			name = SearchViewController;
			sourceTree = "<group>";
		};
		8EF3F9D91C43DE1400B8AAFC /* CommonCell */ = {
			isa = PBXGroup;
			children = (
				8EF3F9DC1C43DE4A00B8AAFC /* CommonTitleCell.h */,
				8EF3F9DD1C43DE4A00B8AAFC /* CommonTitleCell.m */,
				8EF3F9DE1C43DE4A00B8AAFC /* CommonTitleCell.xib */,
				8EF3F9DF1C43DE4A00B8AAFC /* CommonEmptyCell.h */,
				8EF3F9E01C43DE4A00B8AAFC /* CommonEmptyCell.m */,
				8EF3F9E11C43DE4A00B8AAFC /* CommonEmptyCell.xib */,
			);
			name = CommonCell;
			sourceTree = "<group>";
		};
		8EF3F9DA1C43DE2300B8AAFC /* CommonView */ = {
			isa = PBXGroup;
			children = (
				8EF3F9E61C43DE5D00B8AAFC /* CommonHeaderView.h */,
				8EF3F9E71C43DE5D00B8AAFC /* CommonHeaderView.m */,
				8EF3F9E81C43DE5D00B8AAFC /* CommonHeaderView.xib */,
				8EF3F9E91C43DE5D00B8AAFC /* CommonGadgetView.h */,
				8EF3F9EA1C43DE5D00B8AAFC /* CommonGadgetView.m */,
				8EF3F9EB1C43DE5D00B8AAFC /* CommonGadgetView.xib */,
				8EF3F9EC1C43DE5D00B8AAFC /* CommonGadgetToolsView.h */,
				8EF3F9ED1C43DE5D00B8AAFC /* CommonGadgetToolsView.m */,
				8EF3F9EE1C43DE5D00B8AAFC /* CommonGadgetToolsView.xib */,
				8EF3F9EF1C43DE5D00B8AAFC /* CommonSearchBarView.h */,
				8EF3F9F01C43DE5D00B8AAFC /* CommonSearchBarView.m */,
				8EF3F9F11C43DE5D00B8AAFC /* CommonSearchBarView.xib */,
				8EEEFE771C4E816100F5462A /* CustomInputView.h */,
				8EEEFE781C4E816100F5462A /* CustomInputView.m */,
				8EEEFE7A1C4E816B00F5462A /* CustomInputView.xib */,
			);
			name = CommonView;
			sourceTree = "<group>";
		};
		8EF3F9DB1C43DE2B00B8AAFC /* CommonLibrary */ = {
			isa = PBXGroup;
			children = (
				8EF3F9FA1C43DE6300B8AAFC /* UIImage+Ext.h */,
				8EF3F9FB1C43DE6300B8AAFC /* UIImage+Ext.m */,
				8EF3F9FC1C43DE6300B8AAFC /* iOS8Utility.h */,
				8EF3F9FD1C43DE6300B8AAFC /* iOS8Utility.m */,
			);
			name = CommonLibrary;
			sourceTree = "<group>";
		};
		C6C99817258F31561FF47C03 /* Frameworks */ = {
			isa = PBXGroup;
			children = (
				29A5FA14CEE611B815C37AB7 /* libPods-dashQ.a */,
			);
			name = Frameworks;
			sourceTree = "<group>";
		};
		FCF7AF7F45EE1289A4763D38 /* Pods */ = {
			isa = PBXGroup;
			children = (
				7AC5F02D7C54853B1D554756 /* Pods-dashQ.debug.xcconfig */,
				E27D17B202E551C23DD54BBF /* Pods-dashQ.release.xcconfig */,
			);
			name = Pods;
			sourceTree = "<group>";
		};
/* End PBXGroup section */

/* Begin PBXNativeTarget section */
		8EBD1FD31C36C7D7009A014D /* dashQ */ = {
			isa = PBXNativeTarget;
			buildConfigurationList = 8EBD1FFA1C36C7D9009A014D /* Build configuration list for PBXNativeTarget "dashQ" */;
			buildPhases = (
				F367DA3F22E3D4D2ADEDAB29 /* Check Pods Manifest.lock */,
				8EBD1FD01C36C7D7009A014D /* Sources */,
				8EBD1FD11C36C7D7009A014D /* Frameworks */,
				8EBD1FD21C36C7D7009A014D /* Resources */,
				6D65F50B132562C53879ECC2 /* Copy Pods Resources */,
			);
			buildRules = (
			);
			dependencies = (
			);
			name = dashQ;
			productName = dashQ;
			productReference = 8EBD1FD41C36C7D7009A014D /* dashQ.app */;
			productType = "com.apple.product-type.application";
		};
/* End PBXNativeTarget section */

/* Begin PBXProject section */
		8EBD1FCC1C36C7D7009A014D /* Project object */ = {
			isa = PBXProject;
			attributes = {
				LastUpgradeCheck = 0720;
				ORGANIZATIONNAME = "dashQ Inc.";
				TargetAttributes = {
					8EBD1FD31C36C7D7009A014D = {
						CreatedOnToolsVersion = 6.4;
					};
				};
			};
			buildConfigurationList = 8EBD1FCF1C36C7D7009A014D /* Build configuration list for PBXProject "dashQ" */;
			compatibilityVersion = "Xcode 3.2";
			developmentRegion = English;
			hasScannedForEncodings = 0;
			knownRegions = (
				en,
				Base,
			);
			mainGroup = 8EBD1FCB1C36C7D7009A014D;
			productRefGroup = 8EBD1FD51C36C7D7009A014D /* Products */;
			projectDirPath = "";
			projectRoot = "";
			targets = (
				8EBD1FD31C36C7D7009A014D /* dashQ */,
			);
		};
/* End PBXProject section */

/* Begin PBXResourcesBuildPhase section */
		8EBD1FD21C36C7D7009A014D /* Resources */ = {
			isa = PBXResourcesBuildPhase;
			buildActionMask = 2147483647;
			files = (
				8EF3F9F31C43DE5D00B8AAFC /* CommonHeaderView.xib in Resources */,
				8EEEFE761C4E780B00F5462A /* SearchItemCell.xib in Resources */,
				8EEEFE3D1C4A64BC00F5462A /* ItemMainTitleCell.xib in Resources */,
				8EF3F9F71C43DE5D00B8AAFC /* CommonGadgetToolsView.xib in Resources */,
				8EEEFE7B1C4E816B00F5462A /* CustomInputView.xib in Resources */,
				8EEEFE691C4B856300F5462A /* ItemMainHeaderView.xib in Resources */,
				8EEEFE5A1C4A694C00F5462A /* WriteToolBarView.xib in Resources */,
				8EEEFE5E1C4A694C00F5462A /* WriteSubInfoCell.xib in Resources */,
				8EF3F9E51C43DE4A00B8AAFC /* CommonEmptyCell.xib in Resources */,
				8EBD1FE61C36C7D7009A014D /* Main.storyboard in Resources */,
				8EEEFE801C51279700F5462A /* WriteViewController.xib in Resources */,
				8E7EC6141C391F6E007A5638 /* ItemViewController.xib in Resources */,
				8EF3F9E31C43DE4A00B8AAFC /* CommonTitleCell.xib in Resources */,
				8EF3F9F51C43DE5D00B8AAFC /* CommonGadgetView.xib in Resources */,
				8EF3F9F91C43DE5D00B8AAFC /* CommonSearchBarView.xib in Resources */,
				8EEEFE6B1C4B857200F5462A /* ItemSubHeaderView.xib in Resources */,
				8EEEFE5C1C4A694C00F5462A /* WriteMainImageCell.xib in Resources */,
				8EBD1FEB1C36C7D8009A014D /* LaunchScreen.xib in Resources */,
				8EBD1FE81C36C7D7009A014D /* Images.xcassets in Resources */,
				8EEEFE421C4A64D000F5462A /* ItemSubCell.xib in Resources */,
				8EEEFE471C4A663300F5462A /* ImagePickerViewController.xib in Resources */,
				8EEEFE711C4E77E700F5462A /* SearchViewController.xib in Resources */,
				8EEEFE4C1C4A664700F5462A /* HomeItemCell.xib in Resources */,
			);
			runOnlyForDeploymentPostprocessing = 0;
		};
/* End PBXResourcesBuildPhase section */

/* Begin PBXShellScriptBuildPhase section */
		6D65F50B132562C53879ECC2 /* Copy Pods Resources */ = {
			isa = PBXShellScriptBuildPhase;
			buildActionMask = 2147483647;
			files = (
			);
			inputPaths = (
			);
			name = "Copy Pods Resources";
			outputPaths = (
			);
			runOnlyForDeploymentPostprocessing = 0;
			shellPath = /bin/sh;
			shellScript = "\"${SRCROOT}/Pods/Target Support Files/Pods-dashQ/Pods-dashQ-resources.sh\"\n";
			showEnvVarsInLog = 0;
		};
		F367DA3F22E3D4D2ADEDAB29 /* Check Pods Manifest.lock */ = {
			isa = PBXShellScriptBuildPhase;
			buildActionMask = 2147483647;
			files = (
			);
			inputPaths = (
			);
			name = "Check Pods Manifest.lock";
			outputPaths = (
			);
			runOnlyForDeploymentPostprocessing = 0;
			shellPath = /bin/sh;
			shellScript = "diff \"${PODS_ROOT}/../Podfile.lock\" \"${PODS_ROOT}/Manifest.lock\" > /dev/null\nif [[ $? != 0 ]] ; then\n    cat << EOM\nerror: The sandbox is not in sync with the Podfile.lock. Run 'pod install' or update your CocoaPods installation.\nEOM\n    exit 1\nfi\n";
			showEnvVarsInLog = 0;
		};
/* End PBXShellScriptBuildPhase section */

/* Begin PBXSourcesBuildPhase section */
		8EBD1FD01C36C7D7009A014D /* Sources */ = {
			isa = PBXSourcesBuildPhase;
			buildActionMask = 2147483647;
			files = (
				8EBD1FDD1C36C7D7009A014D /* AppDelegate.m in Sources */,
				8EEEFE411C4A64D000F5462A /* ItemSubCell.m in Sources */,
				8EEEFE5D1C4A694C00F5462A /* WriteSubInfoCell.m in Sources */,
				8EF3F9F41C43DE5D00B8AAFC /* CommonGadgetView.m in Sources */,
				8EEEFE641C4B853E00F5462A /* ItemMainHeaderView.m in Sources */,
				8EEEFE791C4E816100F5462A /* CustomInputView.m in Sources */,
				8EBD1FDA1C36C7D7009A014D /* main.m in Sources */,
				8EF3F9F81C43DE5D00B8AAFC /* CommonSearchBarView.m in Sources */,
				8EF3F9FE1C43DE6300B8AAFC /* UIImage+Ext.m in Sources */,
				8EEEFE461C4A663300F5462A /* ImagePickerViewController.m in Sources */,
				8E7EC6131C391F6E007A5638 /* ItemViewController.m in Sources */,
				8EF3F9E41C43DE4A00B8AAFC /* CommonEmptyCell.m in Sources */,
				8EEEFE701C4E77E700F5462A /* SearchViewController.m in Sources */,
				8EEEFE5B1C4A694C00F5462A /* WriteMainImageCell.m in Sources */,
				8EEEFE4B1C4A664700F5462A /* HomeItemCell.m in Sources */,
				8EEEFE3C1C4A64BC00F5462A /* ItemMainTitleCell.m in Sources */,
				8EF3F9F21C43DE5D00B8AAFC /* CommonHeaderView.m in Sources */,
				8EF3F9FF1C43DE6300B8AAFC /* iOS8Utility.m in Sources */,
				8EBD1FE01C36C7D7009A014D /* dashQ.xcdatamodeld in Sources */,
				8E7EC60D1C391931007A5638 /* HomeViewController.m in Sources */,
				8EEEFE751C4E780B00F5462A /* SearchItemCell.m in Sources */,
				8EEEFE671C4B855500F5462A /* ItemSubHeaderView.m in Sources */,
				8EEEFE831C52745800F5462A /* RootViewController.m in Sources */,
				8EF3F9E21C43DE4A00B8AAFC /* CommonTitleCell.m in Sources */,
				8E6E6BAC1C46930A007FB6E1 /* RootNavigationController.m in Sources */,
				8EEEFE861C5518B600F5462A /* WriteInfoModel.m in Sources */,
				8EEEFE591C4A694C00F5462A /* WriteToolBarView.m in Sources */,
				8EEEFE7F1C51279700F5462A /* WriteViewController.m in Sources */,
				8EF3F9F61C43DE5D00B8AAFC /* CommonGadgetToolsView.m in Sources */,
			);
			runOnlyForDeploymentPostprocessing = 0;
		};
/* End PBXSourcesBuildPhase section */

/* Begin PBXVariantGroup section */
		8EBD1FE41C36C7D7009A014D /* Main.storyboard */ = {
			isa = PBXVariantGroup;
			children = (
				8EBD1FE51C36C7D7009A014D /* Base */,
			);
			name = Main.storyboard;
			sourceTree = "<group>";
		};
		8EBD1FE91C36C7D8009A014D /* LaunchScreen.xib */ = {
			isa = PBXVariantGroup;
			children = (
				8EBD1FEA1C36C7D8009A014D /* Base */,
			);
			name = LaunchScreen.xib;
			sourceTree = "<group>";
		};
/* End PBXVariantGroup section */

/* Begin XCBuildConfiguration section */
		8EBD1FF81C36C7D9009A014D /* Debug */ = {
			isa = XCBuildConfiguration;
			buildSettings = {
				ALWAYS_SEARCH_USER_PATHS = NO;
				CLANG_CXX_LANGUAGE_STANDARD = "gnu++0x";
				CLANG_CXX_LIBRARY = "libc++";
				CLANG_ENABLE_MODULES = YES;
				CLANG_ENABLE_OBJC_ARC = YES;
				CLANG_WARN_BOOL_CONVERSION = YES;
				CLANG_WARN_CONSTANT_CONVERSION = YES;
				CLANG_WARN_DIRECT_OBJC_ISA_USAGE = YES_ERROR;
				CLANG_WARN_EMPTY_BODY = YES;
				CLANG_WARN_ENUM_CONVERSION = YES;
				CLANG_WARN_INT_CONVERSION = YES;
				CLANG_WARN_OBJC_ROOT_CLASS = YES_ERROR;
				CLANG_WARN_UNREACHABLE_CODE = YES;
				CLANG_WARN__DUPLICATE_METHOD_MATCH = YES;
				"CODE_SIGN_IDENTITY[sdk=iphoneos*]" = "iPhone Developer";
				COPY_PHASE_STRIP = NO;
				DEBUG_INFORMATION_FORMAT = "dwarf-with-dsym";
				ENABLE_STRICT_OBJC_MSGSEND = YES;
				ENABLE_TESTABILITY = YES;
				GCC_C_LANGUAGE_STANDARD = gnu99;
				GCC_DYNAMIC_NO_PIC = NO;
				GCC_NO_COMMON_BLOCKS = YES;
				GCC_OPTIMIZATION_LEVEL = 0;
				GCC_PREPROCESSOR_DEFINITIONS = (
					"DEBUG=1",
					"$(inherited)",
				);
				GCC_SYMBOLS_PRIVATE_EXTERN = NO;
				GCC_WARN_64_TO_32_BIT_CONVERSION = YES;
				GCC_WARN_ABOUT_RETURN_TYPE = YES_ERROR;
				GCC_WARN_UNDECLARED_SELECTOR = YES;
				GCC_WARN_UNINITIALIZED_AUTOS = YES_AGGRESSIVE;
				GCC_WARN_UNUSED_FUNCTION = YES;
				GCC_WARN_UNUSED_VARIABLE = YES;
				IPHONEOS_DEPLOYMENT_TARGET = 8.4;
				MTL_ENABLE_DEBUG_INFO = YES;
				ONLY_ACTIVE_ARCH = YES;
				SDKROOT = iphoneos;
			};
			name = Debug;
		};
		8EBD1FF91C36C7D9009A014D /* Release */ = {
			isa = XCBuildConfiguration;
			buildSettings = {
				ALWAYS_SEARCH_USER_PATHS = NO;
				CLANG_CXX_LANGUAGE_STANDARD = "gnu++0x";
				CLANG_CXX_LIBRARY = "libc++";
				CLANG_ENABLE_MODULES = YES;
				CLANG_ENABLE_OBJC_ARC = YES;
				CLANG_WARN_BOOL_CONVERSION = YES;
				CLANG_WARN_CONSTANT_CONVERSION = YES;
				CLANG_WARN_DIRECT_OBJC_ISA_USAGE = YES_ERROR;
				CLANG_WARN_EMPTY_BODY = YES;
				CLANG_WARN_ENUM_CONVERSION = YES;
				CLANG_WARN_INT_CONVERSION = YES;
				CLANG_WARN_OBJC_ROOT_CLASS = YES_ERROR;
				CLANG_WARN_UNREACHABLE_CODE = YES;
				CLANG_WARN__DUPLICATE_METHOD_MATCH = YES;
				"CODE_SIGN_IDENTITY[sdk=iphoneos*]" = "iPhone Developer";
				COPY_PHASE_STRIP = NO;
				DEBUG_INFORMATION_FORMAT = "dwarf-with-dsym";
				ENABLE_NS_ASSERTIONS = NO;
				ENABLE_STRICT_OBJC_MSGSEND = YES;
				GCC_C_LANGUAGE_STANDARD = gnu99;
				GCC_NO_COMMON_BLOCKS = YES;
				GCC_WARN_64_TO_32_BIT_CONVERSION = YES;
				GCC_WARN_ABOUT_RETURN_TYPE = YES_ERROR;
				GCC_WARN_UNDECLARED_SELECTOR = YES;
				GCC_WARN_UNINITIALIZED_AUTOS = YES_AGGRESSIVE;
				GCC_WARN_UNUSED_FUNCTION = YES;
				GCC_WARN_UNUSED_VARIABLE = YES;
				IPHONEOS_DEPLOYMENT_TARGET = 8.4;
				MTL_ENABLE_DEBUG_INFO = NO;
				SDKROOT = iphoneos;
				VALIDATE_PRODUCT = YES;
			};
			name = Release;
		};
		8EBD1FFB1C36C7D9009A014D /* Debug */ = {
			isa = XCBuildConfiguration;
			baseConfigurationReference = 7AC5F02D7C54853B1D554756 /* Pods-dashQ.debug.xcconfig */;
			buildSettings = {
				ASSETCATALOG_COMPILER_APPICON_NAME = AppIcon;
				GCC_PRECOMPILE_PREFIX_HEADER = YES;
				GCC_PREFIX_HEADER = "dashQ/dashQ-PrefixHeader.pch";
				INFOPLIST_FILE = dashQ/Info.plist;
				IPHONEOS_DEPLOYMENT_TARGET = 8.0;
				LD_RUNPATH_SEARCH_PATHS = "$(inherited) @executable_path/Frameworks";
				PRODUCT_BUNDLE_IDENTIFIER = "com.iOS.$(PRODUCT_NAME:rfc1034identifier)";
				PRODUCT_NAME = "$(TARGET_NAME)";
			};
			name = Debug;
		};
		8EBD1FFC1C36C7D9009A014D /* Release */ = {
			isa = XCBuildConfiguration;
			baseConfigurationReference = E27D17B202E551C23DD54BBF /* Pods-dashQ.release.xcconfig */;
			buildSettings = {
				ASSETCATALOG_COMPILER_APPICON_NAME = AppIcon;
				GCC_PRECOMPILE_PREFIX_HEADER = YES;
				GCC_PREFIX_HEADER = "dashQ/dashQ-PrefixHeader.pch";
				INFOPLIST_FILE = dashQ/Info.plist;
				IPHONEOS_DEPLOYMENT_TARGET = 8.0;
				LD_RUNPATH_SEARCH_PATHS = "$(inherited) @executable_path/Frameworks";
				PRODUCT_BUNDLE_IDENTIFIER = "com.iOS.$(PRODUCT_NAME:rfc1034identifier)";
				PRODUCT_NAME = "$(TARGET_NAME)";
			};
			name = Release;
		};
/* End XCBuildConfiguration section */

/* Begin XCConfigurationList section */
		8EBD1FCF1C36C7D7009A014D /* Build configuration list for PBXProject "dashQ" */ = {
			isa = XCConfigurationList;
			buildConfigurations = (
				8EBD1FF81C36C7D9009A014D /* Debug */,
				8EBD1FF91C36C7D9009A014D /* Release */,
			);
			defaultConfigurationIsVisible = 0;
			defaultConfigurationName = Release;
		};
		8EBD1FFA1C36C7D9009A014D /* Build configuration list for PBXNativeTarget "dashQ" */ = {
			isa = XCConfigurationList;
			buildConfigurations = (
				8EBD1FFB1C36C7D9009A014D /* Debug */,
				8EBD1FFC1C36C7D9009A014D /* Release */,
			);
			defaultConfigurationIsVisible = 0;
			defaultConfigurationName = Release;
		};
/* End XCConfigurationList section */

/* Begin XCVersionGroup section */
		8EBD1FDE1C36C7D7009A014D /* dashQ.xcdatamodeld */ = {
			isa = XCVersionGroup;
			children = (
				8EBD1FDF1C36C7D7009A014D /* dashQ.xcdatamodel */,
			);
			currentVersion = 8EBD1FDF1C36C7D7009A014D /* dashQ.xcdatamodel */;
			path = dashQ.xcdatamodeld;
			sourceTree = "<group>";
			versionGroupType = wrapper.xcdatamodel;
		};
/* End XCVersionGroup section */
	};
	rootObject = 8EBD1FCC1C36C7D7009A014D /* Project object */;
}
